
Microsoft Visual Studio Solution File, Format Version 12.00
# Visual Studio Version 17
VisualStudioVersion = 17.3.32804.467
MinimumVisualStudioVersion = 10.0.40219.1
Project("{FAE04EC0-301F-11D3-BF4B-00C04F79EFBC}") = "Peep", "Peep.csproj", "{258664C3-71A9-41A9-A790-FCC716A590E1}"
EndProject
Global
	GlobalSection(SolutionConfigurationPlatforms) = preSolution
		Debug|Any CPU = Debug|Any CPU
		Release|Any CPU = Release|Any CPU
	EndGlobalSection
	GlobalSection(ProjectConfigurationPlatforms) = postSolution
		{258664C3-71A9-41A9-A790-FCC716A590E1}.Debug|Any CPU.ActiveCfg = Debug|Any CPU
		{258664C3-71A9-41A9-A790-FCC716A590E1}.Debug|Any CPU.Build.0 = Debug|Any CPU
		{258664C3-71A9-41A9-A790-FCC716A590E1}.Release|Any CPU.ActiveCfg = Release|Any CPU
		{258664C3-71A9-41A9-A790-FCC716A590E1}.Release|Any CPU.Build.0 = Release|Any CPU
	EndGlobalSection
	GlobalSection(SolutionProperties) = preSolution
		HideSolutionNode = FALSE
	EndGlobalSection
	GlobalSection(ExtensibilityGlobals) = postSolution
		SolutionGuid = {DD12A01A-9D84-4987-9790-3740C3EE8974}
	EndGlobalSection
EndGlobal
